{
  "name": "npm-proj-1677970700586-0.92588023881144116QKNdH",
  "lockfileVersion": 2,
  "requires": true,
  "packages": {
    "": {
      "dependencies": {
        "bootstrap5": "^1.1.9",
        "jquery": "^3.6.3"
      }
    },
    "node_modules/bootstrap5": {
      "version": "1.1.9",
      "resolved": "https://registry.npmjs.org/bootstrap5/-/bootstrap5-1.1.9.tgz",
      "integrity": "sha512-XZSujP1vsslV7iUgPHRLobe+rL7pYUvZaK2Erk0r45m00cQZz/No3Ua7cenlCFLN+gOMEWYU+ipa8Ktzz79oVA=="
    },
    "node_modules/jquery": {
      "version": "3.6.3",
      "resolved": "https://registry.npmjs.org/jquery/-/jquery-3.6.3.tgz",
      "integrity": "sha512-bZ5Sy3YzKo9Fyc8wH2iIQK4JImJ6R0GWI9kL1/k7Z91ZBNgkRXE6U0JfHIizZbort8ZunhSI3jw9I6253ahKfg=="
    }
  },
  "dependencies": {
    "bootstrap5": {
      "version": "1.1.9",
      "resolved": "https://registry.npmjs.org/bootstrap5/-/bootstrap5-1.1.9.tgz",
      "integrity": "sha512-XZSujP1vsslV7iUgPHRLobe+rL7pYUvZaK2Erk0r45m00cQZz/No3Ua7cenlCFLN+gOMEWYU+ipa8Ktzz79oVA=="
    },
    "jquery": {
      "version": "3.6.3",
      "resolved": "https://registry.npmjs.org/jquery/-/jquery-3.6.3.tgz",
      "integrity": "sha512-bZ5Sy3YzKo9Fyc8wH2iIQK4JImJ6R0GWI9kL1/k7Z91ZBNgkRXE6U0JfHIizZbort8ZunhSI3jw9I6253ahKfg=="
    }
  }
}
